# THIS IS AN AUTOGENERATED FILE. DO NOT EDIT THIS FILE DIRECTLY.
# yarn lockfile v1


"@babel/code-frame@^7.0.0":
  version "7.0.0"
  resolved "https://registry.yarnpkg.com/@babel/code-frame/-/code-frame-7.0.0.tgz#06e2ab19bdb535385559aabb5ba59729482800f8"
  dependencies:
    "@babel/highlight" "^7.0.0"

"@babel/core@^7.4.0":
  version "7.4.3"
  resolved "https://registry.yarnpkg.com/@babel/core/-/core-7.4.3.tgz#198d6d3af4567be3989550d97e068de94503074f"
  dependencies:
    "@babel/code-frame" "^7.0.0"
    "@babel/generator" "^7.4.0"
    "@babel/helpers" "^7.4.3"
    "@babel/parser" "^7.4.3"
    "@babel/template" "^7.4.0"
    "@babel/traverse" "^7.4.3"
    "@babel/types" "^7.4.0"
    convert-source-map "^1.1.0"
    debug "^4.1.0"
    json5 "^2.1.0"
    lodash "^4.17.11"
    resolve "^1.3.2"
    semver "^5.4.1"
    source-map "^0.5.0"

"@babel/generator@^7.4.0":
  version "7.4.0"
  resolved "https://registry.yarnpkg.com/@babel/generator/-/generator-7.4.0.tgz#c230e79589ae7a729fd4631b9ded4dc220418196"
  dependencies:
    "@babel/types" "^7.4.0"
    jsesc "^2.5.1"
    lodash "^4.17.11"
    source-map "^0.5.0"
    trim-right "^1.0.1"

"@babel/helper-function-name@^7.1.0":
  version "7.1.0"
  resolved "https://registry.yarnpkg.com/@babel/helper-function-name/-/helper-function-name-7.1.0.tgz#a0ceb01685f73355d4360c1247f582bfafc8ff53"
  dependencies:
    "@babel/helper-get-function-arity" "^7.0.0"
    "@babel/template" "^7.1.0"
    "@babel/types" "^7.0.0"

"@babel/helper-get-function-arity@^7.0.0":
  version "7.0.0"
  resolved "https://registry.yarnpkg.com/@babel/helper-get-function-arity/-/helper-get-function-arity-7.0.0.tgz#83572d4320e2a4657263734113c42868b64e49c3"
  dependencies:
    "@babel/types" "^7.0.0"

"@babel/helper-split-export-declaration@^7.4.0":
  version "7.4.0"
  resolved "https://registry.yarnpkg.com/@babel/helper-split-export-declaration/-/helper-split-export-declaration-7.4.0.tgz#571bfd52701f492920d63b7f735030e9a3e10b55"
  dependencies:
    "@babel/types" "^7.4.0"

"@babel/helpers@^7.4.3":
  version "7.4.3"
  resolved "https://registry.yarnpkg.com/@babel/helpers/-/helpers-7.4.3.tgz#7b1d354363494b31cb9a2417ae86af32b7853a3b"
  dependencies:
    "@babel/template" "^7.4.0"
    "@babel/traverse" "^7.4.3"
    "@babel/types" "^7.4.0"

"@babel/highlight@^7.0.0":
  version "7.0.0"
  resolved "https://registry.yarnpkg.com/@babel/highlight/-/highlight-7.0.0.tgz#f710c38c8d458e6dd9a201afb637fcb781ce99e4"
  dependencies:
    chalk "^2.0.0"
    esutils "^2.0.2"
    js-tokens "^4.0.0"

"@babel/parser@^7.4.0", "@babel/parser@^7.4.3":
  version "7.4.3"
  resolved "https://registry.yarnpkg.com/@babel/parser/-/parser-7.4.3.tgz#eb3ac80f64aa101c907d4ce5406360fe75b7895b"

"@babel/template@^7.1.0", "@babel/template@^7.4.0":
  version "7.4.0"
  resolved "https://registry.yarnpkg.com/@babel/template/-/template-7.4.0.tgz#12474e9c077bae585c5d835a95c0b0b790c25c8b"
  dependencies:
    "@babel/code-frame" "^7.0.0"
    "@babel/parser" "^7.4.0"
    "@babel/types" "^7.4.0"

"@babel/traverse@^7.4.3":
  version "7.4.3"
  resolved "https://registry.yarnpkg.com/@babel/traverse/-/traverse-7.4.3.tgz#1a01f078fc575d589ff30c0f71bf3c3d9ccbad84"
  dependencies:
    "@babel/code-frame" "^7.0.0"
    "@babel/generator" "^7.4.0"
    "@babel/helper-function-name" "^7.1.0"
    "@babel/helper-split-export-declaration" "^7.4.0"
    "@babel/parser" "^7.4.3"
    "@babel/types" "^7.4.0"
    debug "^4.1.0"
    globals "^11.1.0"
    lodash "^4.17.11"

"@babel/types@^7.0.0", "@babel/types@^7.4.0":
  version "7.4.0"
  resolved "https://registry.yarnpkg.com/@babel/types/-/types-7.4.0.tgz#670724f77d24cce6cc7d8cf64599d511d164894c"
  dependencies:
    esutils "^2.0.2"
    lodash "^4.17.11"
    to-fast-properties "^2.0.0"

ansi-styles@^3.2.1:
  version "3.2.1"
  resolved "https://registry.yarnpkg.com/ansi-styles/-/ansi-styles-3.2.1.tgz#41fbb20243e50b12be0f04b8dedbf07520ce841d"
  dependencies:
    color-convert "^1.9.0"

chalk@^2.0.0:
  version "2.4.2"
  resolved "https://registry.yarnpkg.com/chalk/-/chalk-2.4.2.tgz#cd42541677a54333cf541a49108c1432b44c9424"
  dependencies:
    ansi-styles "^3.2.1"
    escape-string-regexp "^1.0.5"
    supports-color "^5.3.0"

color-convert@^1.9.0:
  version "1.9.3"
  resolved "https://registry.yarnpkg.com/color-convert/-/color-convert-1.9.3.tgz#bb71850690e1f136567de629d2d5471deda4c1e8"
  dependencies:
    color-name "1.1.3"

color-name@1.1.3:
  version "1.1.3"
  resolved "https://registry.yarnpkg.com/color-name/-/color-name-1.1.3.tgz#a7d0558bd89c42f795dd42328f740831ca53bc25"

commander@2:
  version "2.20.0"
  resolved "https://registry.yarnpkg.com/commander/-/commander-2.20.0.tgz#d58bb2b5c1ee8f87b0d340027e9e94e222c5a422"

convert-source-map@^1.1.0:
  version "1.6.0"
  resolved "https://registry.yarnpkg.com/convert-source-map/-/convert-source-map-1.6.0.tgz#51b537a8c43e0f04dec1993bffcdd504e758ac20"
  dependencies:
    safe-buffer "~5.1.1"

d2b@^1.0.0-beta.2:
  version "1.0.0-beta.2"
  resolved "https://registry.yarnpkg.com/d2b/-/d2b-1.0.0-beta.2.tgz#d019b2dcb86c9250c26c58cd0253569513e9cc50"
  dependencies:
    d3-array "^2.0.3"
    d3-axis "^1.0.12"
    d3-collection "^1.0.7"
    d3-color "^1.2.3"
    d3-dispatch "^1.0.5"
    d3-drag "^1.2.3"
    d3-format "^1.3.2"
    d3-hierarchy "^1.1.8"
    d3-interpolate "^1.3.2"
    d3-interpolate-path ">2.0.0"
    d3-queue "^3.0.7"
    d3-sankey "^0.12.1"
    d3-scale "^3.0.0"
    d3-scale-chromatic "^1.3.3"
    d3-selection "^1.4.0"
    d3-shape "^1.3.5"
    d3-svg-annotation "^2.4.0"
    d3-transition "^1.2.0"

d3-array@1, d3-array@^1.1.1, d3-array@^1.2.0:
  version "1.2.4"
  resolved "https://registry.yarnpkg.com/d3-array/-/d3-array-1.2.4.tgz#635ce4d5eea759f6f605863dbcfc30edc737f71f"

"d3-array@>=1 <=2", "d3-array@^1.2.0 || 2", d3-array@^2.0.3:
  version "2.0.3"
  resolved "https://registry.yarnpkg.com/d3-array/-/d3-array-2.0.3.tgz#9c0531eda701e416f28a030e3d4e6179ba74f19f"

d3-axis@1, d3-axis@^1.0.12:
  version "1.0.12"
  resolved "https://registry.yarnpkg.com/d3-axis/-/d3-axis-1.0.12.tgz#cdf20ba210cfbb43795af33756886fb3638daac9"

d3-brush@1:
  version "1.0.6"
  resolved "https://registry.yarnpkg.com/d3-brush/-/d3-brush-1.0.6.tgz#33691f2032d9db6c5d8cb684ff255a9883629e21"
  dependencies:
    d3-dispatch "1"
    d3-drag "1"
    d3-interpolate "1"
    d3-selection "1"
    d3-transition "1"

d3-chord@1:
  version "1.0.6"
  resolved "https://registry.yarnpkg.com/d3-chord/-/d3-chord-1.0.6.tgz#309157e3f2db2c752f0280fedd35f2067ccbb15f"
  dependencies:
    d3-array "1"
    d3-path "1"

d3-collection@1, d3-collection@^1.0.7:
  version "1.0.7"
  resolved "https://registry.yarnpkg.com/d3-collection/-/d3-collection-1.0.7.tgz#349bd2aa9977db071091c13144d5e4f16b5b310e"

d3-color@1, d3-color@^1.2.3:
  version "1.2.3"
  resolved "https://registry.yarnpkg.com/d3-color/-/d3-color-1.2.3.tgz#6c67bb2af6df3cc8d79efcc4d3a3e83e28c8048f"

d3-contour@1:
  version "1.3.2"
  resolved "https://registry.yarnpkg.com/d3-contour/-/d3-contour-1.3.2.tgz#652aacd500d2264cb3423cee10db69f6f59bead3"
  dependencies:
    d3-array "^1.1.1"

d3-dispatch@1, d3-dispatch@^1.0.5:
  version "1.0.5"
  resolved "https://registry.yarnpkg.com/d3-dispatch/-/d3-dispatch-1.0.5.tgz#e25c10a186517cd6c82dd19ea018f07e01e39015"

d3-dispatch@1.0.2:
  version "1.0.2"
  resolved "https://registry.yarnpkg.com/d3-dispatch/-/d3-dispatch-1.0.2.tgz#5b511e79a46a1f89492841c0a8f656687d5daa0a"

d3-drag@1, d3-drag@1.2.3, d3-drag@^1.2.3:
  version "1.2.3"
  resolved "https://registry.yarnpkg.com/d3-drag/-/d3-drag-1.2.3.tgz#46e206ad863ec465d88c588098a1df444cd33c64"
  dependencies:
    d3-dispatch "1"
    d3-selection "1"

d3-dsv@1:
  version "1.1.1"
  resolved "https://registry.yarnpkg.com/d3-dsv/-/d3-dsv-1.1.1.tgz#aaa830ecb76c4b5015572c647cc6441e3c7bb701"
  dependencies:
    commander "2"
    iconv-lite "0.4"
    rw "1"

d3-ease@1:
  version "1.0.5"
  resolved "https://registry.yarnpkg.com/d3-ease/-/d3-ease-1.0.5.tgz#8ce59276d81241b1b72042d6af2d40e76d936ffb"

d3-fetch@1:
  version "1.1.2"
  resolved "https://registry.yarnpkg.com/d3-fetch/-/d3-fetch-1.1.2.tgz#957c8fbc6d4480599ba191b1b2518bf86b3e1be2"
  dependencies:
    d3-dsv "1"

d3-force@1:
  version "1.2.1"
  resolved "https://registry.yarnpkg.com/d3-force/-/d3-force-1.2.1.tgz#fd29a5d1ff181c9e7f0669e4bd72bdb0e914ec0b"
  dependencies:
    d3-collection "1"
    d3-dispatch "1"
    d3-quadtree "1"
    d3-timer "1"

d3-format@1, d3-format@^1.3.2:
  version "1.3.2"
  resolved "https://registry.yarnpkg.com/d3-format/-/d3-format-1.3.2.tgz#6a96b5e31bcb98122a30863f7d92365c00603562"

d3-geo@1:
  version "1.11.3"
  resolved "https://registry.yarnpkg.com/d3-geo/-/d3-geo-1.11.3.tgz#5bb08388f45e4b281491faa72d3abd43215dbd1c"
  dependencies:
    d3-array "1"

d3-hierarchy@1, d3-hierarchy@^1.1.8:
  version "1.1.8"
  resolved "https://registry.yarnpkg.com/d3-hierarchy/-/d3-hierarchy-1.1.8.tgz#7a6317bd3ed24e324641b6f1e76e978836b008cc"

d3-interpolate-path@>2.0.0:
  version "2.0.1"
  resolved "https://registry.yarnpkg.com/d3-interpolate-path/-/d3-interpolate-path-2.0.1.tgz#f4d9c2192921fdc11fe474a04ec59645b53b4f5d"
  dependencies:
    d3-interpolate "^1.1.1"

d3-interpolate@1, d3-interpolate@^1.1.1, d3-interpolate@^1.3.2:
  version "1.3.2"
  resolved "https://registry.yarnpkg.com/d3-interpolate/-/d3-interpolate-1.3.2.tgz#417d3ebdeb4bc4efcc8fd4361c55e4040211fd68"
  dependencies:
    d3-color "1"

d3-path@1:
  version "1.0.7"
  resolved "https://registry.yarnpkg.com/d3-path/-/d3-path-1.0.7.tgz#8de7cd693a75ac0b5480d3abaccd94793e58aae8"

d3-polygon@1:
  version "1.0.5"
  resolved "https://registry.yarnpkg.com/d3-polygon/-/d3-polygon-1.0.5.tgz#9a645a0a64ff6cbf9efda96ee0b4a6909184c363"

d3-quadtree@1:
  version "1.0.6"
  resolved "https://registry.yarnpkg.com/d3-quadtree/-/d3-quadtree-1.0.6.tgz#d1ab2a95a7f27bbde88582c94166f6ae35f32056"

d3-queue@^3.0.7:
  version "3.0.7"
  resolved "https://registry.yarnpkg.com/d3-queue/-/d3-queue-3.0.7.tgz#c93a2e54b417c0959129d7d73f6cf7d4292e7618"

d3-random@1:
  version "1.1.2"
  resolved "https://registry.yarnpkg.com/d3-random/-/d3-random-1.1.2.tgz#2833be7c124360bf9e2d3fd4f33847cfe6cab291"

d3-sankey@^0.12.1:
  version "0.12.1"
  resolved "https://registry.yarnpkg.com/d3-sankey/-/d3-sankey-0.12.1.tgz#f4a655227ee90211befcd32074aeb275e73f92ba"
  dependencies:
    d3-array ">=1 <=2"
    d3-shape "^1.2.0"

d3-scale-chromatic@1, d3-scale-chromatic@^1.3.3:
  version "1.3.3"
  resolved "https://registry.yarnpkg.com/d3-scale-chromatic/-/d3-scale-chromatic-1.3.3.tgz#dad4366f0edcb288f490128979c3c793583ed3c0"
  dependencies:
    d3-color "1"
    d3-interpolate "1"

d3-scale@2:
  version "2.2.2"
  resolved "https://registry.yarnpkg.com/d3-scale/-/d3-scale-2.2.2.tgz#4e880e0b2745acaaddd3ede26a9e908a9e17b81f"
  dependencies:
    d3-array "^1.2.0"
    d3-collection "1"
    d3-format "1"
    d3-interpolate "1"
    d3-time "1"
    d3-time-format "2"

d3-scale@^3.0.0:
  version "3.0.0"
  resolved "https://registry.yarnpkg.com/d3-scale/-/d3-scale-3.0.0.tgz#ddede1278ac3ea2bf3666de6ca625e20bed9b6c9"
  dependencies:
    d3-array "^1.2.0 || 2"
    d3-format "1"
    d3-interpolate "1"
    d3-time "1"
    d3-time-format "2"

d3-selection@1, d3-selection@1.4.0, d3-selection@^1.1.0, d3-selection@^1.4.0:
  version "1.4.0"
  resolved "https://registry.yarnpkg.com/d3-selection/-/d3-selection-1.4.0.tgz#ab9ac1e664cf967ebf1b479cc07e28ce9908c474"

d3-shape@1, d3-shape@^1.2.0, d3-shape@^1.3.5:
  version "1.3.5"
  resolved "https://registry.yarnpkg.com/d3-shape/-/d3-shape-1.3.5.tgz#e81aea5940f59f0a79cfccac012232a8987c6033"
  dependencies:
    d3-path "1"

d3-shape@1.0.4:
  version "1.0.4"
  resolved "https://registry.yarnpkg.com/d3-shape/-/d3-shape-1.0.4.tgz#145ee100ccbec42f8e3f1996cd05c786f79fe1c6"
  dependencies:
    d3-path "1"

d3-svg-annotation@^2.4.0:
  version "2.5.0"
  resolved "https://registry.yarnpkg.com/d3-svg-annotation/-/d3-svg-annotation-2.5.0.tgz#ffdd832c7023e9d3f6dcf4d71769abb59f422148"
  dependencies:
    d3-dispatch "1.0.2"
    d3-drag "1.2.3"
    d3-selection "1.4.0"
    d3-shape "1.0.4"
    d3-transition "1.0.3"
    marked "0.3.9"

d3-time-format@2:
  version "2.1.3"
  resolved "https://registry.yarnpkg.com/d3-time-format/-/d3-time-format-2.1.3.tgz#ae06f8e0126a9d60d6364eac5b1533ae1bac826b"
  dependencies:
    d3-time "1"

d3-time@1:
  version "1.0.11"
  resolved "https://registry.yarnpkg.com/d3-time/-/d3-time-1.0.11.tgz#1d831a3e25cd189eb256c17770a666368762bbce"

d3-timer@1:
  version "1.0.9"
  resolved "https://registry.yarnpkg.com/d3-timer/-/d3-timer-1.0.9.tgz#f7bb8c0d597d792ff7131e1c24a36dd471a471ba"

d3-transition@1, d3-transition@^1.2.0:
  version "1.2.0"
  resolved "https://registry.yarnpkg.com/d3-transition/-/d3-transition-1.2.0.tgz#f538c0e21b2aa1f05f3e965f8567e81284b3b2b8"
  dependencies:
    d3-color "1"
    d3-dispatch "1"
    d3-ease "1"
    d3-interpolate "1"
    d3-selection "^1.1.0"
    d3-timer "1"

d3-transition@1.0.3:
  version "1.0.3"
  resolved "https://registry.yarnpkg.com/d3-transition/-/d3-transition-1.0.3.tgz#91dc986bddb30973639320a85db72ce4ab1a27bb"
  dependencies:
    d3-color "1"
    d3-dispatch "1"
    d3-ease "1"
    d3-interpolate "1"
    d3-selection "1"
    d3-timer "1"

d3-voronoi@1:
  version "1.1.4"
  resolved "https://registry.yarnpkg.com/d3-voronoi/-/d3-voronoi-1.1.4.tgz#dd3c78d7653d2bb359284ae478645d95944c8297"

d3-zoom@1:
  version "1.7.3"
  resolved "https://registry.yarnpkg.com/d3-zoom/-/d3-zoom-1.7.3.tgz#f444effdc9055c38077c4299b4df999eb1d47ccb"
  dependencies:
    d3-dispatch "1"
    d3-drag "1"
    d3-interpolate "1"
    d3-selection "1"
    d3-transition "1"

d3@5.9.2:
  version "5.9.2"
  resolved "https://registry.yarnpkg.com/d3/-/d3-5.9.2.tgz#64e8a7e9c3d96d9e6e4999d2c8a2c829767e67f5"
  dependencies:
    d3-array "1"
    d3-axis "1"
    d3-brush "1"
    d3-chord "1"
    d3-collection "1"
    d3-color "1"
    d3-contour "1"
    d3-dispatch "1"
    d3-drag "1"
    d3-dsv "1"
    d3-ease "1"
    d3-fetch "1"
    d3-force "1"
    d3-format "1"
    d3-geo "1"
    d3-hierarchy "1"
    d3-interpolate "1"
    d3-path "1"
    d3-polygon "1"
    d3-quadtree "1"
    d3-random "1"
    d3-scale "2"
    d3-scale-chromatic "1"
    d3-selection "1"
    d3-shape "1"
    d3-time "1"
    d3-time-format "2"
    d3-timer "1"
    d3-transition "1"
    d3-voronoi "1"
    d3-zoom "1"

debug@^4.1.0:
  version "4.1.1"
  resolved "https://registry.yarnpkg.com/debug/-/debug-4.1.1.tgz#3b72260255109c6b589cee050f1d516139664791"
  dependencies:
    ms "^2.1.1"

escape-string-regexp@^1.0.5:
  version "1.0.5"
  resolved "https://registry.yarnpkg.com/escape-string-regexp/-/escape-string-regexp-1.0.5.tgz#1b61c0562190a8dff6ae3bb2cf0200ca130b86d4"

esutils@^2.0.2:
  version "2.0.2"
  resolved "https://registry.yarnpkg.com/esutils/-/esutils-2.0.2.tgz#0abf4f1caa5bcb1f7a9d8acc6dea4faaa04bac9b"

globals@^11.1.0:
  version "11.11.0"
  resolved "https://registry.yarnpkg.com/globals/-/globals-11.11.0.tgz#dcf93757fa2de5486fbeed7118538adf789e9c2e"

has-flag@^3.0.0:
  version "3.0.0"
  resolved "https://registry.yarnpkg.com/has-flag/-/has-flag-3.0.0.tgz#b5d454dc2199ae225699f3467e5a07f3b955bafd"

iconv-lite@0.4:
  version "0.4.24"
  resolved "https://registry.yarnpkg.com/iconv-lite/-/iconv-lite-0.4.24.tgz#2022b4b25fbddc21d2f524974a474aafe733908b"
  dependencies:
    safer-buffer ">= 2.1.2 < 3"

js-tokens@^4.0.0:
  version "4.0.0"
  resolved "https://registry.yarnpkg.com/js-tokens/-/js-tokens-4.0.0.tgz#19203fb59991df98e3a287050d4647cdeaf32499"

jsesc@^2.5.1:
  version "2.5.2"
  resolved "https://registry.yarnpkg.com/jsesc/-/jsesc-2.5.2.tgz#80564d2e483dacf6e8ef209650a67df3f0c283a4"

json5@^2.1.0:
  version "2.1.0"
  resolved "https://registry.yarnpkg.com/json5/-/json5-2.1.0.tgz#e7a0c62c48285c628d20a10b85c89bb807c32850"
  dependencies:
    minimist "^1.2.0"

lodash@^4.17.11:
  version "4.17.11"
  resolved "https://registry.yarnpkg.com/lodash/-/lodash-4.17.11.tgz#b39ea6229ef607ecd89e2c8df12536891cac9b8d"

marked@0.3.9:
  version "0.3.9"
  resolved "https://registry.yarnpkg.com/marked/-/marked-0.3.9.tgz#54ce6a57e720c3ac6098374ec625fcbcc97ff290"

minimist@^1.2.0:
  version "1.2.0"
  resolved "https://registry.yarnpkg.com/minimist/-/minimist-1.2.0.tgz#a35008b20f41383eec1fb914f4cd5df79a264284"

ms@^2.1.1:
  version "2.1.1"
  resolved "https://registry.yarnpkg.com/ms/-/ms-2.1.1.tgz#30a5864eb3ebb0a66f2ebe6d727af06a09d86e0a"

path-parse@^1.0.6:
  version "1.0.6"
  resolved "https://registry.yarnpkg.com/path-parse/-/path-parse-1.0.6.tgz#d62dbb5679405d72c4737ec58600e9ddcf06d24c"

resolve@^1.3.2:
  version "1.10.0"
  resolved "https://registry.yarnpkg.com/resolve/-/resolve-1.10.0.tgz#3bdaaeaf45cc07f375656dfd2e54ed0810b101ba"
  dependencies:
    path-parse "^1.0.6"

rw@1:
  version "1.3.3"
  resolved "https://registry.yarnpkg.com/rw/-/rw-1.3.3.tgz#3f862dfa91ab766b14885ef4d01124bfda074fb4"

safe-buffer@~5.1.1:
  version "5.1.2"
  resolved "https://registry.yarnpkg.com/safe-buffer/-/safe-buffer-5.1.2.tgz#991ec69d296e0313747d59bdfd2b745c35f8828d"

"safer-buffer@>= 2.1.2 < 3":
  version "2.1.2"
  resolved "https://registry.yarnpkg.com/safer-buffer/-/safer-buffer-2.1.2.tgz#44fa161b0187b9549dd84bb91802f9bd8385cd6a"

semver@^5.4.1:
  version "5.7.0"
  resolved "https://registry.yarnpkg.com/semver/-/semver-5.7.0.tgz#790a7cf6fea5459bac96110b29b60412dc8ff96b"

source-map@^0.5.0:
  version "0.5.7"
  resolved "https://registry.yarnpkg.com/source-map/-/source-map-0.5.7.tgz#8a039d2d1021d22d1ea14c80d8ea468ba2ef3fcc"

supports-color@^5.3.0:
  version "5.5.0"
  resolved "https://registry.yarnpkg.com/supports-color/-/supports-color-5.5.0.tgz#e2e69a44ac8772f78a1ec0b35b689df6530efc8f"
  dependencies:
    has-flag "^3.0.0"

to-fast-properties@^2.0.0:
  version "2.0.0"
  resolved "https://registry.yarnpkg.com/to-fast-properties/-/to-fast-properties-2.0.0.tgz#dc5e698cbd079265bc73e0377681a4e4e83f616e"

trim-right@^1.0.1:
  version "1.0.1"
  resolved "https://registry.yarnpkg.com/trim-right/-/trim-right-1.0.1.tgz#cb2e1203067e0c8de1f614094b9fe45704ea6003"
